{
  "name": "trpc1",
  "version": "1.0.0",
  "lockfileVersion": 3,
  "requires": true,
  "packages": {
    "": {
      "name": "trpc1",
      "version": "1.0.0",
      "license": "ISC",
      "dependencies": {
        "@trpc/client": "^11.0.0-rc.666",
        "@trpc/server": "^11.0.0-rc.666",
        "zod": "^3.24.1"
      },
      "devDependencies": {
        "@types/jsonwebtoken": "^9.0.7"
      }
    },
    "node_modules/@trpc/client": {
      "version": "11.0.0-rc.666",
      "resolved": "https://registry.npmjs.org/@trpc/client/-/client-11.0.0-rc.666.tgz",
      "integrity": "sha512-BP3H0bktY03m7haVT5QoPR4sn30DNJcvFHsA3Msj3uPRY8JLVE03MR4rVG6T7VbcglORKpyMlRxjpUgdRmJErA==",
      "funding": [
        "https://trpc.io/sponsor"
      ],
      "peerDependencies": {
        "@trpc/server": "11.0.0-rc.666+99556c074",
        "typescript": ">=5.6.2"
      }
    },
    "node_modules/@trpc/server": {
      "version": "11.0.0-rc.666",
      "resolved": "https://registry.npmjs.org/@trpc/server/-/server-11.0.0-rc.666.tgz",
      "integrity": "sha512-k+jKrdH/owDRRXPR7oPKCQRTu0dOEnqdGh56863ym95sFY8qXE7BhOR8S4WqyZw1CiPZGjRkdFN0q/GsJhKsIA==",
      "funding": [
        "https://trpc.io/sponsor"
      ],
      "peerDependencies": {
        "typescript": ">=5.6.2"
      }
    },
    "node_modules/@types/jsonwebtoken": {
      "version": "9.0.7",
      "resolved": "https://registry.npmjs.org/@types/jsonwebtoken/-/jsonwebtoken-9.0.7.tgz",
      "integrity": "sha512-ugo316mmTYBl2g81zDFnZ7cfxlut3o+/EQdaP7J8QN2kY6lJ22hmQYCK5EHcJHbrW+dkCGSCPgbG8JtYj6qSrg==",
      "dev": true,
      "dependencies": {
        "@types/node": "*"
      }
    },
    "node_modules/@types/node": {
      "version": "22.10.2",
      "resolved": "https://registry.npmjs.org/@types/node/-/node-22.10.2.tgz",
      "integrity": "sha512-Xxr6BBRCAOQixvonOye19wnzyDiUtTeqldOOmj3CkeblonbccA12PFwlufvRdrpjXxqnmUaeiU5EOA+7s5diUQ==",
      "dev": true,
      "dependencies": {
        "undici-types": "~6.20.0"
      }
    },
    "node_modules/typescript": {
      "version": "5.7.2",
      "resolved": "https://registry.npmjs.org/typescript/-/typescript-5.7.2.tgz",
      "integrity": "sha512-i5t66RHxDvVN40HfDd1PsEThGNnlMCMT3jMUuoh9/0TaqWevNontacunWyN02LA9/fIbEWlcHZcgTKb9QoaLfg==",
      "peer": true,
      "bin": {
        "tsc": "bin/tsc",
        "tsserver": "bin/tsserver"
      },
      "engines": {
        "node": ">=14.17"
      }
    },
    "node_modules/undici-types": {
      "version": "6.20.0",
      "resolved": "https://registry.npmjs.org/undici-types/-/undici-types-6.20.0.tgz",
      "integrity": "sha512-Ny6QZ2Nju20vw1SRHe3d9jVu6gJ+4e3+MMpqu7pqE5HT6WsTSlce++GQmK5UXS8mzV8DSYHrQH+Xrf2jVcuKNg==",
      "dev": true
    },
    "node_modules/zod": {
      "version": "3.24.1",
      "resolved": "https://registry.npmjs.org/zod/-/zod-3.24.1.tgz",
      "integrity": "sha512-muH7gBL9sI1nciMZV67X5fTKKBLtwpZ5VBp1vsOQzj1MhrBZ4wlVCm3gedKZWLp0Oyel8sIGfeiz54Su+OVT+A==",
      "funding": {
        "url": "https://github.com/sponsors/colinhacks"
      }
    }
  }
}
